
Microsoft Visual Studio Solution File, Format Version 12.00
# Visual Studio Version 16
VisualStudioVersion = 16.0.29519.87
MinimumVisualStudioVersion = 10.0.40219.1
Project("{FAE04EC0-301F-11D3-BF4B-00C04F79EFBC}") = "Phoneword.Android", "Phoneword.Android\Phoneword.Android.csproj", "{3051083A-58EC-49BF-9D92-A9F55D94FAC2}"
EndProject
Project("{FAE04EC0-301F-11D3-BF4B-00C04F79EFBC}") = "Phoneword.iOS", "Phoneword.iOS\Phoneword.iOS.csproj", "{0ABC5C52-664A-4D40-A151-8D322AC9F093}"
EndProject
Project("{FAE04EC0-301F-11D3-BF4B-00C04F79EFBC}") = "Phoneword", "Phoneword\Phoneword.csproj", "{2B84F54B-5667-450A-8D52-3023E8BB3AB9}"
EndProject
Global
	GlobalSection(SolutionConfigurationPlatforms) = preSolution
		Debug|Any CPU = Debug|Any CPU
		Debug|iPhone = Debug|iPhone
		Debug|iPhoneSimulator = Debug|iPhoneSimulator
		Release|Any CPU = Release|Any CPU
		Release|iPhone = Release|iPhone
		Release|iPhoneSimulator = Release|iPhoneSimulator
	EndGlobalSection
	GlobalSection(ProjectConfigurationPlatforms) = postSolution
		{3051083A-58EC-49BF-9D92-A9F55D94FAC2}.Debug|Any CPU.ActiveCfg = Debug|Any CPU
		{3051083A-58EC-49BF-9D92-A9F55D94FAC2}.Debug|Any CPU.Build.0 = Debug|Any CPU
		{3051083A-58EC-49BF-9D92-A9F55D94FAC2}.Debug|Any CPU.Deploy.0 = Debug|Any CPU
		{3051083A-58EC-49BF-9D92-A9F55D94FAC2}.Debug|iPhone.ActiveCfg = Debug|Any CPU
		{3051083A-58EC-49BF-9D92-A9F55D94FAC2}.Debug|iPhone.Build.0 = Debug|Any CPU
		{3051083A-58EC-49BF-9D92-A9F55D94FAC2}.Debug|iPhone.Deploy.0 = Debug|Any CPU
		{3051083A-58EC-49BF-9D92-A9F55D94FAC2}.Debug|iPhoneSimulator.ActiveCfg = Debug|Any CPU
		{3051083A-58EC-49BF-9D92-A9F55D94FAC2}.Debug|iPhoneSimulator.Build.0 = Debug|Any CPU
		{3051083A-58EC-49BF-9D92-A9F55D94FAC2}.Debug|iPhoneSimulator.Deploy.0 = Debug|Any CPU
		{3051083A-58EC-49BF-9D92-A9F55D94FAC2}.Release|Any CPU.ActiveCfg = Release|Any CPU
		{3051083A-58EC-49BF-9D92-A9F55D94FAC2}.Release|Any CPU.Build.0 = Release|Any CPU
		{3051083A-58EC-49BF-9D92-A9F55D94FAC2}.Release|Any CPU.Deploy.0 = Release|Any CPU
		{3051083A-58EC-49BF-9D92-A9F55D94FAC2}.Release|iPhone.ActiveCfg = Release|Any CPU
		{3051083A-58EC-49BF-9D92-A9F55D94FAC2}.Release|iPhone.Build.0 = Release|Any CPU
		{3051083A-58EC-49BF-9D92-A9F55D94FAC2}.Release|iPhone.Deploy.0 = Release|Any CPU
		{3051083A-58EC-49BF-9D92-A9F55D94FAC2}.Release|iPhoneSimulator.ActiveCfg = Release|Any CPU
		{3051083A-58EC-49BF-9D92-A9F55D94FAC2}.Release|iPhoneSimulator.Build.0 = Release|Any CPU
		{3051083A-58EC-49BF-9D92-A9F55D94FAC2}.Release|iPhoneSimulator.Deploy.0 = Release|Any CPU
		{0ABC5C52-664A-4D40-A151-8D322AC9F093}.Debug|Any CPU.ActiveCfg = Debug|iPhoneSimulator
		{0ABC5C52-664A-4D40-A151-8D322AC9F093}.Debug|Any CPU.Build.0 = Debug|iPhoneSimulator
		{0ABC5C52-664A-4D40-A151-8D322AC9F093}.Debug|Any CPU.Deploy.0 = Debug|iPhoneSimulator
		{0ABC5C52-664A-4D40-A151-8D322AC9F093}.Debug|iPhone.ActiveCfg = Debug|iPhone
		{0ABC5C52-664A-4D40-A151-8D322AC9F093}.Debug|iPhone.Build.0 = Debug|iPhone
		{0ABC5C52-664A-4D40-A151-8D322AC9F093}.Debug|iPhone.Deploy.0 = Debug|iPhone
		{0ABC5C52-664A-4D40-A151-8D322AC9F093}.Debug|iPhoneSimulator.ActiveCfg = Debug|iPhoneSimulator
		{0ABC5C52-664A-4D40-A151-8D322AC9F093}.Debug|iPhoneSimulator.Build.0 = Debug|iPhoneSimulator
		{0ABC5C52-664A-4D40-A151-8D322AC9F093}.Debug|iPhoneSimulator.Deploy.0 = Debug|iPhoneSimulator
		{0ABC5C52-664A-4D40-A151-8D322AC9F093}.Release|Any CPU.ActiveCfg = Release|iPhone
		{0ABC5C52-664A-4D40-A151-8D322AC9F093}.Release|Any CPU.Build.0 = Release|iPhone
		{0ABC5C52-664A-4D40-A151-8D322AC9F093}.Release|Any CPU.Deploy.0 = Release|iPhone
		{0ABC5C52-664A-4D40-A151-8D322AC9F093}.Release|iPhone.ActiveCfg = Release|iPhone
		{0ABC5C52-664A-4D40-A151-8D322AC9F093}.Release|iPhone.Build.0 = Release|iPhone
		{0ABC5C52-664A-4D40-A151-8D322AC9F093}.Release|iPhone.Deploy.0 = Release|iPhone
		{0ABC5C52-664A-4D40-A151-8D322AC9F093}.Release|iPhoneSimulator.ActiveCfg = Release|iPhoneSimulator
		{0ABC5C52-664A-4D40-A151-8D322AC9F093}.Release|iPhoneSimulator.Build.0 = Release|iPhoneSimulator
		{0ABC5C52-664A-4D40-A151-8D322AC9F093}.Release|iPhoneSimulator.Deploy.0 = Release|iPhoneSimulator
		{2B84F54B-5667-450A-8D52-3023E8BB3AB9}.Debug|Any CPU.ActiveCfg = Debug|Any CPU
		{2B84F54B-5667-450A-8D52-3023E8BB3AB9}.Debug|Any CPU.Build.0 = Debug|Any CPU
		{2B84F54B-5667-450A-8D52-3023E8BB3AB9}.Debug|Any CPU.Deploy.0 = Debug|Any CPU
		{2B84F54B-5667-450A-8D52-3023E8BB3AB9}.Debug|iPhone.ActiveCfg = Debug|Any CPU
		{2B84F54B-5667-450A-8D52-3023E8BB3AB9}.Debug|iPhone.Build.0 = Debug|Any CPU
		{2B84F54B-5667-450A-8D52-3023E8BB3AB9}.Debug|iPhone.Deploy.0 = Debug|Any CPU
		{2B84F54B-5667-450A-8D52-3023E8BB3AB9}.Debug|iPhoneSimulator.ActiveCfg = Debug|Any CPU
		{2B84F54B-5667-450A-8D52-3023E8BB3AB9}.Debug|iPhoneSimulator.Build.0 = Debug|Any CPU
		{2B84F54B-5667-450A-8D52-3023E8BB3AB9}.Debug|iPhoneSimulator.Deploy.0 = Debug|Any CPU
		{2B84F54B-5667-450A-8D52-3023E8BB3AB9}.Release|Any CPU.ActiveCfg = Release|Any CPU
		{2B84F54B-5667-450A-8D52-3023E8BB3AB9}.Release|Any CPU.Build.0 = Release|Any CPU
		{2B84F54B-5667-450A-8D52-3023E8BB3AB9}.Release|Any CPU.Deploy.0 = Release|Any CPU
		{2B84F54B-5667-450A-8D52-3023E8BB3AB9}.Release|iPhone.ActiveCfg = Release|Any CPU
		{2B84F54B-5667-450A-8D52-3023E8BB3AB9}.Release|iPhone.Build.0 = Release|Any CPU
		{2B84F54B-5667-450A-8D52-3023E8BB3AB9}.Release|iPhone.Deploy.0 = Release|Any CPU
		{2B84F54B-5667-450A-8D52-3023E8BB3AB9}.Release|iPhoneSimulator.ActiveCfg = Release|Any CPU
		{2B84F54B-5667-450A-8D52-3023E8BB3AB9}.Release|iPhoneSimulator.Build.0 = Release|Any CPU
		{2B84F54B-5667-450A-8D52-3023E8BB3AB9}.Release|iPhoneSimulator.Deploy.0 = Release|Any CPU
	EndGlobalSection
	GlobalSection(SolutionProperties) = preSolution
		HideSolutionNode = FALSE
	EndGlobalSection
	GlobalSection(ExtensibilityGlobals) = postSolution
		SolutionGuid = {74CDD20D-D098-4C6B-BF3F-AE60A3AD16BA}
	EndGlobalSection
EndGlobal
